
Microsoft Visual Studio Solution File, Format Version 12.00
# Visual Studio Version 17
VisualStudioVersion = 17.5.33516.290
MinimumVisualStudioVersion = 10.0.40219.1
Project("{9A19103F-16F7-4668-BE54-9A1E7A4F7556}") = "Finance Tracker", "Finance Tracker.csproj", "{7B748EF8-6D9C-4B0E-8CB2-DFBC2C747330}"
EndProject
Project("{FAE04EC0-301F-11D3-BF4B-00C04F79EFBC}") = "Finance_Tracker.Tests", "..\Finance_Tracker.Tests\Finance_Tracker.Tests.csproj", "{0F1C4F98-58DD-4468-98F5-EFB7D41E80AE}"
EndProject
Global
	GlobalSection(SolutionConfigurationPlatforms) = preSolution
		Debug|Any CPU = Debug|Any CPU
		Release|Any CPU = Release|Any CPU
	EndGlobalSection
	GlobalSection(ProjectConfigurationPlatforms) = postSolution
		{7B748EF8-6D9C-4B0E-8CB2-DFBC2C747330}.Debug|Any CPU.ActiveCfg = Debug|Any CPU
		{7B748EF8-6D9C-4B0E-8CB2-DFBC2C747330}.Debug|Any CPU.Build.0 = Debug|Any CPU
		{7B748EF8-6D9C-4B0E-8CB2-DFBC2C747330}.Release|Any CPU.ActiveCfg = Release|Any CPU
		{7B748EF8-6D9C-4B0E-8CB2-DFBC2C747330}.Release|Any CPU.Build.0 = Release|Any CPU
		{0F1C4F98-58DD-4468-98F5-EFB7D41E80AE}.Debug|Any CPU.ActiveCfg = Debug|Any CPU
		{0F1C4F98-58DD-4468-98F5-EFB7D41E80AE}.Debug|Any CPU.Build.0 = Debug|Any CPU
		{0F1C4F98-58DD-4468-98F5-EFB7D41E80AE}.Release|Any CPU.ActiveCfg = Release|Any CPU
		{0F1C4F98-58DD-4468-98F5-EFB7D41E80AE}.Release|Any CPU.Build.0 = Release|Any CPU
	EndGlobalSection
	GlobalSection(SolutionProperties) = preSolution
		HideSolutionNode = FALSE
	EndGlobalSection
	GlobalSection(ExtensibilityGlobals) = postSolution
		SolutionGuid = {772FF7F1-BCE1-43C5-A432-65213D030114}
	EndGlobalSection
EndGlobal
